
Microsoft Visual Studio Solution File, Format Version 12.00
# Visual Studio Version 16
VisualStudioVersion = 16.0.29728.190
MinimumVisualStudioVersion = 10.0.40219.1
Project("{FAE04EC0-301F-11D3-BF4B-00C04F79EFBC}") = "Login2", "Login2\Login2.csproj", "{8BB91E4A-AF50-492E-8998-027836600798}"
EndProject
Project("{FAE04EC0-301F-11D3-BF4B-00C04F79EFBC}") = "Menu", "Menu\Menu.csproj", "{6498DA23-39F9-44B6-995A-B83534FE58CF}"
EndProject
Global
	GlobalSection(SolutionConfigurationPlatforms) = preSolution
		Debug|Any CPU = Debug|Any CPU
		Release|Any CPU = Release|Any CPU
	EndGlobalSection
	GlobalSection(ProjectConfigurationPlatforms) = postSolution
		{8BB91E4A-AF50-492E-8998-027836600798}.Debug|Any CPU.ActiveCfg = Debug|Any CPU
		{8BB91E4A-AF50-492E-8998-027836600798}.Debug|Any CPU.Build.0 = Debug|Any CPU
		{8BB91E4A-AF50-492E-8998-027836600798}.Release|Any CPU.ActiveCfg = Release|Any CPU
		{8BB91E4A-AF50-492E-8998-027836600798}.Release|Any CPU.Build.0 = Release|Any CPU
		{6498DA23-39F9-44B6-995A-B83534FE58CF}.Debug|Any CPU.ActiveCfg = Debug|Any CPU
		{6498DA23-39F9-44B6-995A-B83534FE58CF}.Debug|Any CPU.Build.0 = Debug|Any CPU
		{6498DA23-39F9-44B6-995A-B83534FE58CF}.Release|Any CPU.ActiveCfg = Release|Any CPU
		{6498DA23-39F9-44B6-995A-B83534FE58CF}.Release|Any CPU.Build.0 = Release|Any CPU
	EndGlobalSection
	GlobalSection(SolutionProperties) = preSolution
		HideSolutionNode = FALSE
	EndGlobalSection
	GlobalSection(ExtensibilityGlobals) = postSolution
		SolutionGuid = {3B7F9B96-C8EF-49D4-90AE-50688472A4F5}
	EndGlobalSection
EndGlobal
